
Microsoft Visual Studio Solution File, Format Version 12.00
# Visual Studio Version 16
VisualStudioVersion = 16.0.31025.194
MinimumVisualStudioVersion = 10.0.40219.1
Project("{FAE04EC0-301F-11D3-BF4B-00C04F79EFBC}") = "TestingWpfApp", "TestingWpfApp.csproj", "{AF1B0C5F-37D7-4F16-8DEE-10391BE9F538}"
EndProject
Global
	GlobalSection(SolutionConfigurationPlatforms) = preSolution
		Debug|Any CPU = Debug|Any CPU
		Release|Any CPU = Release|Any CPU
	EndGlobalSection
	GlobalSection(ProjectConfigurationPlatforms) = postSolution
		{AF1B0C5F-37D7-4F16-8DEE-10391BE9F538}.Debug|Any CPU.ActiveCfg = Debug|Any CPU
		{AF1B0C5F-37D7-4F16-8DEE-10391BE9F538}.Debug|Any CPU.Build.0 = Debug|Any CPU
		{AF1B0C5F-37D7-4F16-8DEE-10391BE9F538}.Release|Any CPU.ActiveCfg = Release|Any CPU
		{AF1B0C5F-37D7-4F16-8DEE-10391BE9F538}.Release|Any CPU.Build.0 = Release|Any CPU
	EndGlobalSection
	GlobalSection(SolutionProperties) = preSolution
		HideSolutionNode = FALSE
	EndGlobalSection
	GlobalSection(ExtensibilityGlobals) = postSolution
		SolutionGuid = {06B29F6C-8ECF-4865-AB25-D93269A4602A}
	EndGlobalSection
EndGlobal
